
Microsoft Visual Studio Solution File, Format Version 12.00
# Visual Studio 15
VisualStudioVersion = 15.0.28307.421
MinimumVisualStudioVersion = 10.0.40219.1
Project("{FAE04EC0-301F-11D3-BF4B-00C04F79EFBC}") = "SCH.OncologyRoadmap", "SCH.OncologyRoadmap\SCH.OncologyRoadmap.csproj", "{91823CDD-ECC7-4677-B569-E4BC9ED3FA36}"
EndProject
Project("{FAE04EC0-301F-11D3-BF4B-00C04F79EFBC}") = "SCH.OncologyRoadmapWeb", "SCH.OncologyRoadmapWeb\SCH.OncologyRoadmapWeb.csproj", "{329B2EF6-5245-46C4-8EBD-1B5463D35B2F}"
EndProject
Global
	GlobalSection(SolutionConfigurationPlatforms) = preSolution
		Debug|Any CPU = Debug|Any CPU
		Release|Any CPU = Release|Any CPU
	EndGlobalSection
	GlobalSection(ProjectConfigurationPlatforms) = postSolution
		{91823CDD-ECC7-4677-B569-E4BC9ED3FA36}.Debug|Any CPU.ActiveCfg = Debug|Any CPU
		{91823CDD-ECC7-4677-B569-E4BC9ED3FA36}.Debug|Any CPU.Build.0 = Debug|Any CPU
		{91823CDD-ECC7-4677-B569-E4BC9ED3FA36}.Debug|Any CPU.Deploy.0 = Debug|Any CPU
		{91823CDD-ECC7-4677-B569-E4BC9ED3FA36}.Release|Any CPU.ActiveCfg = Release|Any CPU
		{91823CDD-ECC7-4677-B569-E4BC9ED3FA36}.Release|Any CPU.Build.0 = Release|Any CPU
		{91823CDD-ECC7-4677-B569-E4BC9ED3FA36}.Release|Any CPU.Deploy.0 = Release|Any CPU
		{329B2EF6-5245-46C4-8EBD-1B5463D35B2F}.Debug|Any CPU.ActiveCfg = Debug|Any CPU
		{329B2EF6-5245-46C4-8EBD-1B5463D35B2F}.Debug|Any CPU.Build.0 = Debug|Any CPU
		{329B2EF6-5245-46C4-8EBD-1B5463D35B2F}.Release|Any CPU.ActiveCfg = Release|Any CPU
		{329B2EF6-5245-46C4-8EBD-1B5463D35B2F}.Release|Any CPU.Build.0 = Release|Any CPU
	EndGlobalSection
	GlobalSection(SolutionProperties) = preSolution
		HideSolutionNode = FALSE
	EndGlobalSection
	GlobalSection(ExtensibilityGlobals) = postSolution
		SolutionGuid = {20ABD85B-DB62-4F4C-A53D-2C76672969B8}
	EndGlobalSection
EndGlobal
